
Microsoft Visual Studio Solution File, Format Version 12.00
# Visual Studio 14
VisualStudioVersion = 14.0.24720.0
MinimumVisualStudioVersion = 10.0.40219.1
Project("{2150E333-8FDC-42A3-9474-1A3956D46DE8}") = "src", "src", "{EABCABC0-F8D3-4A78-AB3B-6365C2A6DCD3}"
EndProject
Project("{2150E333-8FDC-42A3-9474-1A3956D46DE8}") = "Solution Items", "Solution Items", "{94150F66-2F4D-44FA-AC88-0769DB66F5FE}"
	ProjectSection(SolutionItems) = preProject
		global.json = global.json
	EndProjectSection
EndProject
Project("{8BB2217D-0F2D-49D1-97BC-3654ED321F3B}") = "DEME.BizTalk.Assistant", "src\DEME.BizTalk.Assistant\DEME.BizTalk.Assistant.xproj", "{027BF2C6-B0D0-44C8-B5BB-EBFEA5F7D56D}"
EndProject
Global
	GlobalSection(SolutionConfigurationPlatforms) = preSolution
		Debug|Any CPU = Debug|Any CPU
		Release|Any CPU = Release|Any CPU
	EndGlobalSection
	GlobalSection(ProjectConfigurationPlatforms) = postSolution
		{027BF2C6-B0D0-44C8-B5BB-EBFEA5F7D56D}.Debug|Any CPU.ActiveCfg = Debug|Any CPU
		{027BF2C6-B0D0-44C8-B5BB-EBFEA5F7D56D}.Debug|Any CPU.Build.0 = Debug|Any CPU
		{027BF2C6-B0D0-44C8-B5BB-EBFEA5F7D56D}.Release|Any CPU.ActiveCfg = Release|Any CPU
		{027BF2C6-B0D0-44C8-B5BB-EBFEA5F7D56D}.Release|Any CPU.Build.0 = Release|Any CPU
	EndGlobalSection
	GlobalSection(SolutionProperties) = preSolution
		HideSolutionNode = FALSE
	EndGlobalSection
	GlobalSection(NestedProjects) = preSolution
		{027BF2C6-B0D0-44C8-B5BB-EBFEA5F7D56D} = {EABCABC0-F8D3-4A78-AB3B-6365C2A6DCD3}
	EndGlobalSection
EndGlobal
